
Microsoft Visual Studio Solution File, Format Version 12.00
# Visual Studio 2013
VisualStudioVersion = 12.0.30501.0
MinimumVisualStudioVersion = 10.0.40219.1
Project("{FAE04EC0-301F-11D3-BF4B-00C04F79EFBC}") = "HdfsWordCount", "Streaming\HdfsWordCount\HdfsWordCount.csproj", "{6A2C7CF9-D64E-490D-9841-269EE14F7932}"
EndProject
Project("{2150E333-8FDC-42A3-9474-1A3956D46DE8}") = "Streaming", "Streaming", "{6F90310A-2DA2-4E81-A062-8D8A9F47C25B}"
EndProject
Project("{2150E333-8FDC-42A3-9474-1A3956D46DE8}") = "Sql", "Sql", "{28600A86-E011-41C9-AB41-591580EDB9F1}"
EndProject
Project("{FAE04EC0-301F-11D3-BF4B-00C04F79EFBC}") = "JdbcDataFrame", "Sql\JdbcDataFrame\JdbcDataFrame.csproj", "{4DAFC0A4-0619-4D6C-BF8E-9EC84C9DE9FC}"
EndProject
Project("{FAE04EC0-301F-11D3-BF4B-00C04F79EFBC}") = "SparkXml", "Sql\SparkXml\SparkXml.csproj", "{3A3F5B6F-6BA7-4BD7-BFA6-9E7A36987041}"
EndProject
Project("{FAE04EC0-301F-11D3-BF4B-00C04F79EFBC}") = "EventHub", "Streaming\EventHub\EventHub.csproj", "{DF840BFB-B3A3-493D-B667-4CF21ADBFCAD}"
EndProject
Project("{2150E333-8FDC-42A3-9474-1A3956D46DE8}") = "Batch", "Batch", "{AE001E84-471E-4D02-BDDE-40B85915CEAE}"
EndProject
Project("{FAE04EC0-301F-11D3-BF4B-00C04F79EFBC}") = "Pi", "Batch\pi\Pi.csproj", "{913E6A56-9839-4379-8B3C-855BA9341663}"
EndProject
Project("{FAE04EC0-301F-11D3-BF4B-00C04F79EFBC}") = "WordCount", "Batch\WordCount\WordCount.csproj", "{17E4C27F-8441-425A-B82B-23BA5E313CC4}"
EndProject
Project("{F2A71F9B-5D33-465A-A702-920D77279786}") = "WordCountFSharp", "Batch\WordCountFSharp\WordCountFSharp.fsproj", "{17B63D32-EFC8-4EF5-831A-197A4FC29F06}"
EndProject
Project("{FAE04EC0-301F-11D3-BF4B-00C04F79EFBC}") = "Kafka", "Streaming\Kafka\Kafka.csproj", "{8764EAAA-9D32-4549-A64F-C7C89B014EA6}"
EndProject
Project("{FAE04EC0-301F-11D3-BF4B-00C04F79EFBC}") = "HiveDataFrame", "Sql\HiveDataFrame\HiveDataFrame.csproj", "{5C97498A-C4DB-43DD-86AD-4E50DEE8D405}"
EndProject
Global
	GlobalSection(SolutionConfigurationPlatforms) = preSolution
		Debug|Any CPU = Debug|Any CPU
		Release|Any CPU = Release|Any CPU
	EndGlobalSection
	GlobalSection(ProjectConfigurationPlatforms) = postSolution
		{6A2C7CF9-D64E-490D-9841-269EE14F7932}.Debug|Any CPU.ActiveCfg = Debug|Any CPU
		{6A2C7CF9-D64E-490D-9841-269EE14F7932}.Debug|Any CPU.Build.0 = Debug|Any CPU
		{6A2C7CF9-D64E-490D-9841-269EE14F7932}.Release|Any CPU.ActiveCfg = Release|Any CPU
		{6A2C7CF9-D64E-490D-9841-269EE14F7932}.Release|Any CPU.Build.0 = Release|Any CPU
		{4DAFC0A4-0619-4D6C-BF8E-9EC84C9DE9FC}.Debug|Any CPU.ActiveCfg = Debug|Any CPU
		{4DAFC0A4-0619-4D6C-BF8E-9EC84C9DE9FC}.Debug|Any CPU.Build.0 = Debug|Any CPU
		{4DAFC0A4-0619-4D6C-BF8E-9EC84C9DE9FC}.Release|Any CPU.ActiveCfg = Release|Any CPU
		{4DAFC0A4-0619-4D6C-BF8E-9EC84C9DE9FC}.Release|Any CPU.Build.0 = Release|Any CPU
		{3A3F5B6F-6BA7-4BD7-BFA6-9E7A36987041}.Debug|Any CPU.ActiveCfg = Debug|Any CPU
		{3A3F5B6F-6BA7-4BD7-BFA6-9E7A36987041}.Debug|Any CPU.Build.0 = Debug|Any CPU
		{3A3F5B6F-6BA7-4BD7-BFA6-9E7A36987041}.Release|Any CPU.ActiveCfg = Release|Any CPU
		{3A3F5B6F-6BA7-4BD7-BFA6-9E7A36987041}.Release|Any CPU.Build.0 = Release|Any CPU
		{DF840BFB-B3A3-493D-B667-4CF21ADBFCAD}.Debug|Any CPU.ActiveCfg = Debug|Any CPU
		{DF840BFB-B3A3-493D-B667-4CF21ADBFCAD}.Debug|Any CPU.Build.0 = Debug|Any CPU
		{DF840BFB-B3A3-493D-B667-4CF21ADBFCAD}.Release|Any CPU.ActiveCfg = Release|Any CPU
		{DF840BFB-B3A3-493D-B667-4CF21ADBFCAD}.Release|Any CPU.Build.0 = Release|Any CPU
		{913E6A56-9839-4379-8B3C-855BA9341663}.Debug|Any CPU.ActiveCfg = Debug|Any CPU
		{913E6A56-9839-4379-8B3C-855BA9341663}.Debug|Any CPU.Build.0 = Debug|Any CPU
		{913E6A56-9839-4379-8B3C-855BA9341663}.Release|Any CPU.ActiveCfg = Release|Any CPU
		{913E6A56-9839-4379-8B3C-855BA9341663}.Release|Any CPU.Build.0 = Release|Any CPU
		{17E4C27F-8441-425A-B82B-23BA5E313CC4}.Debug|Any CPU.ActiveCfg = Debug|Any CPU
		{17E4C27F-8441-425A-B82B-23BA5E313CC4}.Debug|Any CPU.Build.0 = Debug|Any CPU
		{17E4C27F-8441-425A-B82B-23BA5E313CC4}.Release|Any CPU.ActiveCfg = Release|Any CPU
		{17E4C27F-8441-425A-B82B-23BA5E313CC4}.Release|Any CPU.Build.0 = Release|Any CPU
		{17B63D32-EFC8-4EF5-831A-197A4FC29F06}.Debug|Any CPU.ActiveCfg = Debug|Any CPU
		{17B63D32-EFC8-4EF5-831A-197A4FC29F06}.Debug|Any CPU.Build.0 = Debug|Any CPU
		{17B63D32-EFC8-4EF5-831A-197A4FC29F06}.Release|Any CPU.ActiveCfg = Release|Any CPU
		{17B63D32-EFC8-4EF5-831A-197A4FC29F06}.Release|Any CPU.Build.0 = Release|Any CPU
		{8764EAAA-9D32-4549-A64F-C7C89B014EA6}.Debug|Any CPU.ActiveCfg = Debug|Any CPU
		{8764EAAA-9D32-4549-A64F-C7C89B014EA6}.Debug|Any CPU.Build.0 = Debug|Any CPU
		{8764EAAA-9D32-4549-A64F-C7C89B014EA6}.Release|Any CPU.ActiveCfg = Release|Any CPU
		{8764EAAA-9D32-4549-A64F-C7C89B014EA6}.Release|Any CPU.Build.0 = Release|Any CPU
		{5C97498A-C4DB-43DD-86AD-4E50DEE8D405}.Debug|Any CPU.ActiveCfg = Debug|Any CPU
		{5C97498A-C4DB-43DD-86AD-4E50DEE8D405}.Debug|Any CPU.Build.0 = Debug|Any CPU
		{5C97498A-C4DB-43DD-86AD-4E50DEE8D405}.Release|Any CPU.ActiveCfg = Release|Any CPU
		{5C97498A-C4DB-43DD-86AD-4E50DEE8D405}.Release|Any CPU.Build.0 = Release|Any CPU
	EndGlobalSection
	GlobalSection(SolutionProperties) = preSolution
		HideSolutionNode = FALSE
	EndGlobalSection
	GlobalSection(NestedProjects) = preSolution
		{6A2C7CF9-D64E-490D-9841-269EE14F7932} = {6F90310A-2DA2-4E81-A062-8D8A9F47C25B}
		{4DAFC0A4-0619-4D6C-BF8E-9EC84C9DE9FC} = {28600A86-E011-41C9-AB41-591580EDB9F1}
		{3A3F5B6F-6BA7-4BD7-BFA6-9E7A36987041} = {28600A86-E011-41C9-AB41-591580EDB9F1}
		{DF840BFB-B3A3-493D-B667-4CF21ADBFCAD} = {6F90310A-2DA2-4E81-A062-8D8A9F47C25B}
		{913E6A56-9839-4379-8B3C-855BA9341663} = {AE001E84-471E-4D02-BDDE-40B85915CEAE}
		{17E4C27F-8441-425A-B82B-23BA5E313CC4} = {AE001E84-471E-4D02-BDDE-40B85915CEAE}
		{17B63D32-EFC8-4EF5-831A-197A4FC29F06} = {AE001E84-471E-4D02-BDDE-40B85915CEAE}
		{8764EAAA-9D32-4549-A64F-C7C89B014EA6} = {6F90310A-2DA2-4E81-A062-8D8A9F47C25B}
		{5C97498A-C4DB-43DD-86AD-4E50DEE8D405} = {28600A86-E011-41C9-AB41-591580EDB9F1}
	EndGlobalSection
EndGlobal
